// !$*UTF8*$!
{
	archiveVersion = 1;
	classes = {
	};
	objectVersion = 56;
	objects = {

/* Begin PBXBuildFile section */
		5D2023252C08590D004FAF9F /* SpaceGrotesk-Bold.ttf in Resources */ = {isa = PBXBuildFile; fileRef = 5D20231F2C08590D004FAF9F /* SpaceGrotesk-Bold.ttf */; };
		5D2023262C08590D004FAF9F /* SpaceGrotesk-Light.ttf in Resources */ = {isa = PBXBuildFile; fileRef = 5D2023202C08590D004FAF9F /* SpaceGrotesk-Light.ttf */; };
		5D2023272C08590D004FAF9F /* SpaceGrotesk-Medium.ttf in Resources */ = {isa = PBXBuildFile; fileRef = 5D2023212C08590D004FAF9F /* SpaceGrotesk-Medium.ttf */; };
		5D2023282C08590D004FAF9F /* SpaceGrotesk-Regular.ttf in Resources */ = {isa = PBXBuildFile; fileRef = 5D2023222C08590D004FAF9F /* SpaceGrotesk-Regular.ttf */; };
		5D2023292C08590D004FAF9F /* SpaceGrotesk-SemiBold.ttf in Resources */ = {isa = PBXBuildFile; fileRef = 5D2023232C08590D004FAF9F /* SpaceGrotesk-SemiBold.ttf */; };
		5D20232B2C08595E004FAF9F /* MyHotelFont.swift in Sources */ = {isa = PBXBuildFile; fileRef = 5D20232A2C08595E004FAF9F /* MyHotelFont.swift */; };
		5D20232F2C086ABF004FAF9F /* Device.swift in Sources */ = {isa = PBXBuildFile; fileRef = 5D20232E2C086ABF004FAF9F /* Device.swift */; };
		5DCA92F12C08745400E56DDA /* Router.swift in Sources */ = {isa = PBXBuildFile; fileRef = 5DCA92F02C08745400E56DDA /* Router.swift */; };
		5DCA92F32C0874CE00E56DDA /* ContainerView.swift in Sources */ = {isa = PBXBuildFile; fileRef = 5DCA92F22C0874CE00E56DDA /* ContainerView.swift */; };
		9700A9A62C081E5300EDFEE6 /* FirebaseAnalytics in Frameworks */ = {isa = PBXBuildFile; productRef = 9700A9A52C081E5300EDFEE6 /* FirebaseAnalytics */; };
		977A3C122C053D2B0039A745 /* LoginView.swift in Sources */ = {isa = PBXBuildFile; fileRef = 977A3C112C053D2B0039A745 /* LoginView.swift */; };
		97B3E0FD2C047A560057270D /* MyHotelApp.swift in Sources */ = {isa = PBXBuildFile; fileRef = 97B3E0FC2C047A560057270D /* MyHotelApp.swift */; };
		97B3E0FF2C047A560057270D /* HomeView.swift in Sources */ = {isa = PBXBuildFile; fileRef = 97B3E0FE2C047A560057270D /* HomeView.swift */; };
		97B3E1012C047A590057270D /* Assets.xcassets in Resources */ = {isa = PBXBuildFile; fileRef = 97B3E1002C047A590057270D /* Assets.xcassets */; };
		97B3E1042C047A590057270D /* Preview Assets.xcassets in Resources */ = {isa = PBXBuildFile; fileRef = 97B3E1032C047A590057270D /* Preview Assets.xcassets */; };
/* End PBXBuildFile section */

/* Begin PBXFileReference section */
		5D20231F2C08590D004FAF9F /* SpaceGrotesk-Bold.ttf */ = {isa = PBXFileReference; lastKnownFileType = file; path = "SpaceGrotesk-Bold.ttf"; sourceTree = "<group>"; };
		5D2023202C08590D004FAF9F /* SpaceGrotesk-Light.ttf */ = {isa = PBXFileReference; lastKnownFileType = file; path = "SpaceGrotesk-Light.ttf"; sourceTree = "<group>"; };
		5D2023212C08590D004FAF9F /* SpaceGrotesk-Medium.ttf */ = {isa = PBXFileReference; lastKnownFileType = file; path = "SpaceGrotesk-Medium.ttf"; sourceTree = "<group>"; };
		5D2023222C08590D004FAF9F /* SpaceGrotesk-Regular.ttf */ = {isa = PBXFileReference; lastKnownFileType = file; path = "SpaceGrotesk-Regular.ttf"; sourceTree = "<group>"; };
		5D2023232C08590D004FAF9F /* SpaceGrotesk-SemiBold.ttf */ = {isa = PBXFileReference; lastKnownFileType = file; path = "SpaceGrotesk-SemiBold.ttf"; sourceTree = "<group>"; };
		5D20232A2C08595E004FAF9F /* MyHotelFont.swift */ = {isa = PBXFileReference; lastKnownFileType = sourcecode.swift; path = MyHotelFont.swift; sourceTree = "<group>"; };
		5D20232E2C086ABF004FAF9F /* Device.swift */ = {isa = PBXFileReference; lastKnownFileType = sourcecode.swift; path = Device.swift; sourceTree = "<group>"; };
		5DCA92F02C08745400E56DDA /* Router.swift */ = {isa = PBXFileReference; lastKnownFileType = sourcecode.swift; path = Router.swift; sourceTree = "<group>"; };
		5DCA92F22C0874CE00E56DDA /* ContainerView.swift */ = {isa = PBXFileReference; lastKnownFileType = sourcecode.swift; path = ContainerView.swift; sourceTree = "<group>"; };
		97635A112C0845CC00D51CD9 /* Info.plist */ = {isa = PBXFileReference; lastKnownFileType = text.plist; path = Info.plist; sourceTree = "<group>"; };
		977A3C112C053D2B0039A745 /* LoginView.swift */ = {isa = PBXFileReference; lastKnownFileType = sourcecode.swift; path = LoginView.swift; sourceTree = "<group>"; };
		97B3E0F92C047A560057270D /* MyHotel.app */ = {isa = PBXFileReference; explicitFileType = wrapper.application; includeInIndex = 0; path = MyHotel.app; sourceTree = BUILT_PRODUCTS_DIR; };
		97B3E0FC2C047A560057270D /* MyHotelApp.swift */ = {isa = PBXFileReference; lastKnownFileType = sourcecode.swift; path = MyHotelApp.swift; sourceTree = "<group>"; };
		97B3E0FE2C047A560057270D /* HomeView.swift */ = {isa = PBXFileReference; lastKnownFileType = sourcecode.swift; path = HomeView.swift; sourceTree = "<group>"; };
		97B3E1002C047A590057270D /* Assets.xcassets */ = {isa = PBXFileReference; lastKnownFileType = folder.assetcatalog; path = Assets.xcassets; sourceTree = "<group>"; };
		97B3E1032C047A590057270D /* Preview Assets.xcassets */ = {isa = PBXFileReference; lastKnownFileType = folder.assetcatalog; path = "Preview Assets.xcassets"; sourceTree = "<group>"; };
/* End PBXFileReference section */

/* Begin PBXFrameworksBuildPhase section */
		97B3E0F62C047A560057270D /* Frameworks */ = {
			isa = PBXFrameworksBuildPhase;
			buildActionMask = 2147483647;
			files = (
				9700A9A62C081E5300EDFEE6 /* FirebaseAnalytics in Frameworks */,
			);
			runOnlyForDeploymentPostprocessing = 0;
		};
/* End PBXFrameworksBuildPhase section */

/* Begin PBXGroup section */
		5D20231E2C085901004FAF9F /* Resources */ = {
			isa = PBXGroup;
			children = (
				5D2023242C08590D004FAF9F /* Fonts */,
			);
			path = Resources;
			sourceTree = "<group>";
		};
		5D2023242C08590D004FAF9F /* Fonts */ = {
			isa = PBXGroup;
			children = (
				5D20231F2C08590D004FAF9F /* SpaceGrotesk-Bold.ttf */,
				5D2023202C08590D004FAF9F /* SpaceGrotesk-Light.ttf */,
				5D2023212C08590D004FAF9F /* SpaceGrotesk-Medium.ttf */,
				5D2023222C08590D004FAF9F /* SpaceGrotesk-Regular.ttf */,
				5D2023232C08590D004FAF9F /* SpaceGrotesk-SemiBold.ttf */,
			);
			path = Fonts;
			sourceTree = "<group>";
		};
		97B3E0F02C047A560057270D = {
			isa = PBXGroup;
			children = (
				97B3E0FB2C047A560057270D /* MyHotel */,
				97B3E0FA2C047A560057270D /* Products */,
			);
			sourceTree = "<group>";
		};
		97B3E0FA2C047A560057270D /* Products */ = {
			isa = PBXGroup;
			children = (
				97B3E0F92C047A560057270D /* MyHotel.app */,
			);
			name = Products;
			sourceTree = "<group>";
		};
		97B3E0FB2C047A560057270D /* MyHotel */ = {
			isa = PBXGroup;
			children = (
				97635A112C0845CC00D51CD9 /* Info.plist */,
				97B3E0FC2C047A560057270D /* MyHotelApp.swift */,
				5DCA92F22C0874CE00E56DDA /* ContainerView.swift */,
				5DCA92F02C08745400E56DDA /* Router.swift */,
				977A3C112C053D2B0039A745 /* LoginView.swift */,
				97B3E0FE2C047A560057270D /* HomeView.swift */,
				5D20232A2C08595E004FAF9F /* MyHotelFont.swift */,
				5D20232E2C086ABF004FAF9F /* Device.swift */,
				97B3E1002C047A590057270D /* Assets.xcassets */,
				5D20231E2C085901004FAF9F /* Resources */,
				97B3E1022C047A590057270D /* Preview Content */,
			);
			path = MyHotel;
			sourceTree = "<group>";
		};
		97B3E1022C047A590057270D /* Preview Content */ = {
			isa = PBXGroup;
			children = (
				97B3E1032C047A590057270D /* Preview Assets.xcassets */,
			);
			path = "Preview Content";
			sourceTree = "<group>";
		};
/* End PBXGroup section */

/* Begin PBXNativeTarget section */
		97B3E0F82C047A560057270D /* MyHotel */ = {
			isa = PBXNativeTarget;
			buildConfigurationList = 97B3E1072C047A590057270D /* Build configuration list for PBXNativeTarget "MyHotel" */;
			buildPhases = (
				97B3E0F52C047A560057270D /* Sources */,
				97B3E0F62C047A560057270D /* Frameworks */,
				97B3E0F72C047A560057270D /* Resources */,
			);
			buildRules = (
			);
			dependencies = (
			);
			name = MyHotel;
			packageProductDependencies = (
				9700A9A52C081E5300EDFEE6 /* FirebaseAnalytics */,
			);
			productName = MyHotel;
			productReference = 97B3E0F92C047A560057270D /* MyHotel.app */;
			productType = "com.apple.product-type.application";
		};
/* End PBXNativeTarget section */

/* Begin PBXProject section */
		97B3E0F12C047A560057270D /* Project object */ = {
			isa = PBXProject;
			attributes = {
				BuildIndependentTargetsInParallel = 1;
				LastSwiftUpdateCheck = 1540;
				LastUpgradeCheck = 1540;
				TargetAttributes = {
					97B3E0F82C047A560057270D = {
						CreatedOnToolsVersion = 15.4;
					};
				};
			};
			buildConfigurationList = 97B3E0F42C047A560057270D /* Build configuration list for PBXProject "MyHotel" */;
			compatibilityVersion = "Xcode 14.0";
			developmentRegion = en;
			hasScannedForEncodings = 0;
			knownRegions = (
				en,
				Base,
			);
			mainGroup = 97B3E0F02C047A560057270D;
			packageReferences = (
				9700A9A42C081CE900EDFEE6 /* XCRemoteSwiftPackageReference "firebase-ios-sdk" */,
			);
			productRefGroup = 97B3E0FA2C047A560057270D /* Products */;
			projectDirPath = "";
			projectRoot = "";
			targets = (
				97B3E0F82C047A560057270D /* MyHotel */,
			);
		};
/* End PBXProject section */

/* Begin PBXResourcesBuildPhase section */
		97B3E0F72C047A560057270D /* Resources */ = {
			isa = PBXResourcesBuildPhase;
			buildActionMask = 2147483647;
			files = (
				5D2023272C08590D004FAF9F /* SpaceGrotesk-Medium.ttf in Resources */,
				5D2023252C08590D004FAF9F /* SpaceGrotesk-Bold.ttf in Resources */,
				5D2023282C08590D004FAF9F /* SpaceGrotesk-Regular.ttf in Resources */,
				97B3E1042C047A590057270D /* Preview Assets.xcassets in Resources */,
				5D2023262C08590D004FAF9F /* SpaceGrotesk-Light.ttf in Resources */,
				5D2023292C08590D004FAF9F /* SpaceGrotesk-SemiBold.ttf in Resources */,
				97B3E1012C047A590057270D /* Assets.xcassets in Resources */,
			);
			runOnlyForDeploymentPostprocessing = 0;
		};
/* End PBXResourcesBuildPhase section */

/* Begin PBXSourcesBuildPhase section */
		97B3E0F52C047A560057270D /* Sources */ = {
			isa = PBXSourcesBuildPhase;
			buildActionMask = 2147483647;
			files = (
				977A3C122C053D2B0039A745 /* LoginView.swift in Sources */,
				97B3E0FF2C047A560057270D /* HomeView.swift in Sources */,
				5DCA92F12C08745400E56DDA /* Router.swift in Sources */,
				97B3E0FD2C047A560057270D /* MyHotelApp.swift in Sources */,
				5D20232F2C086ABF004FAF9F /* Device.swift in Sources */,
				5DCA92F32C0874CE00E56DDA /* ContainerView.swift in Sources */,
				5D20232B2C08595E004FAF9F /* MyHotelFont.swift in Sources */,
			);
			runOnlyForDeploymentPostprocessing = 0;
		};
/* End PBXSourcesBuildPhase section */

/* Begin XCBuildConfiguration section */
		97B3E1052C047A590057270D /* Debug */ = {
			isa = XCBuildConfiguration;
			buildSettings = {
				ALWAYS_SEARCH_USER_PATHS = NO;
				ASSETCATALOG_COMPILER_GENERATE_SWIFT_ASSET_SYMBOL_EXTENSIONS = YES;
				CLANG_ANALYZER_NONNULL = YES;
				CLANG_ANALYZER_NUMBER_OBJECT_CONVERSION = YES_AGGRESSIVE;
				CLANG_CXX_LANGUAGE_STANDARD = "gnu++20";
				CLANG_ENABLE_MODULES = YES;
				CLANG_ENABLE_OBJC_ARC = YES;
				CLANG_ENABLE_OBJC_WEAK = YES;
				CLANG_WARN_BLOCK_CAPTURE_AUTORELEASING = YES;
				CLANG_WARN_BOOL_CONVERSION = YES;
				CLANG_WARN_COMMA = YES;
				CLANG_WARN_CONSTANT_CONVERSION = YES;
				CLANG_WARN_DEPRECATED_OBJC_IMPLEMENTATIONS = YES;
				CLANG_WARN_DIRECT_OBJC_ISA_USAGE = YES_ERROR;
				CLANG_WARN_DOCUMENTATION_COMMENTS = YES;
				CLANG_WARN_EMPTY_BODY = YES;
				CLANG_WARN_ENUM_CONVERSION = YES;
				CLANG_WARN_INFINITE_RECURSION = YES;
				CLANG_WARN_INT_CONVERSION = YES;
				CLANG_WARN_NON_LITERAL_NULL_CONVERSION = YES;
				CLANG_WARN_OBJC_IMPLICIT_RETAIN_SELF = YES;
				CLANG_WARN_OBJC_LITERAL_CONVERSION = YES;
				CLANG_WARN_OBJC_ROOT_CLASS = YES_ERROR;
				CLANG_WARN_QUOTED_INCLUDE_IN_FRAMEWORK_HEADER = YES;
				CLANG_WARN_RANGE_LOOP_ANALYSIS = YES;
				CLANG_WARN_STRICT_PROTOTYPES = YES;
				CLANG_WARN_SUSPICIOUS_MOVE = YES;
				CLANG_WARN_UNGUARDED_AVAILABILITY = YES_AGGRESSIVE;
				CLANG_WARN_UNREACHABLE_CODE = YES;
				CLANG_WARN__DUPLICATE_METHOD_MATCH = YES;
				COPY_PHASE_STRIP = NO;
				DEBUG_INFORMATION_FORMAT = dwarf;
				ENABLE_STRICT_OBJC_MSGSEND = YES;
				ENABLE_TESTABILITY = YES;
				ENABLE_USER_SCRIPT_SANDBOXING = YES;
				GCC_C_LANGUAGE_STANDARD = gnu17;
				GCC_DYNAMIC_NO_PIC = NO;
				GCC_NO_COMMON_BLOCKS = YES;
				GCC_OPTIMIZATION_LEVEL = 0;
				GCC_PREPROCESSOR_DEFINITIONS = (
					"DEBUG=1",
					"$(inherited)",
				);
				GCC_WARN_64_TO_32_BIT_CONVERSION = YES;
				GCC_WARN_ABOUT_RETURN_TYPE = YES_ERROR;
				GCC_WARN_UNDECLARED_SELECTOR = YES;
				GCC_WARN_UNINITIALIZED_AUTOS = YES_AGGRESSIVE;
				GCC_WARN_UNUSED_FUNCTION = YES;
				GCC_WARN_UNUSED_VARIABLE = YES;
				IPHONEOS_DEPLOYMENT_TARGET = 17.5;
				LOCALIZATION_PREFERS_STRING_CATALOGS = YES;
				MTL_ENABLE_DEBUG_INFO = INCLUDE_SOURCE;
				MTL_FAST_MATH = YES;
				ONLY_ACTIVE_ARCH = YES;
				SDKROOT = iphoneos;
				SWIFT_ACTIVE_COMPILATION_CONDITIONS = "DEBUG $(inherited)";
				SWIFT_OPTIMIZATION_LEVEL = "-Onone";
			};
			name = Debug;
		};
		97B3E1062C047A590057270D /* Release */ = {
			isa = XCBuildConfiguration;
			buildSettings = {
				ALWAYS_SEARCH_USER_PATHS = NO;
				ASSETCATALOG_COMPILER_GENERATE_SWIFT_ASSET_SYMBOL_EXTENSIONS = YES;
				CLANG_ANALYZER_NONNULL = YES;
				CLANG_ANALYZER_NUMBER_OBJECT_CONVERSION = YES_AGGRESSIVE;
				CLANG_CXX_LANGUAGE_STANDARD = "gnu++20";
				CLANG_ENABLE_MODULES = YES;
				CLANG_ENABLE_OBJC_ARC = YES;
				CLANG_ENABLE_OBJC_WEAK = YES;
				CLANG_WARN_BLOCK_CAPTURE_AUTORELEASING = YES;
				CLANG_WARN_BOOL_CONVERSION = YES;
				CLANG_WARN_COMMA = YES;
				CLANG_WARN_CONSTANT_CONVERSION = YES;
				CLANG_WARN_DEPRECATED_OBJC_IMPLEMENTATIONS = YES;
				CLANG_WARN_DIRECT_OBJC_ISA_USAGE = YES_ERROR;
				CLANG_WARN_DOCUMENTATION_COMMENTS = YES;
				CLANG_WARN_EMPTY_BODY = YES;
				CLANG_WARN_ENUM_CONVERSION = YES;
				CLANG_WARN_INFINITE_RECURSION = YES;
				CLANG_WARN_INT_CONVERSION = YES;
				CLANG_WARN_NON_LITERAL_NULL_CONVERSION = YES;
				CLANG_WARN_OBJC_IMPLICIT_RETAIN_SELF = YES;
				CLANG_WARN_OBJC_LITERAL_CONVERSION = YES;
				CLANG_WARN_OBJC_ROOT_CLASS = YES_ERROR;
				CLANG_WARN_QUOTED_INCLUDE_IN_FRAMEWORK_HEADER = YES;
				CLANG_WARN_RANGE_LOOP_ANALYSIS = YES;
				CLANG_WARN_STRICT_PROTOTYPES = YES;
				CLANG_WARN_SUSPICIOUS_MOVE = YES;
				CLANG_WARN_UNGUARDED_AVAILABILITY = YES_AGGRESSIVE;
				CLANG_WARN_UNREACHABLE_CODE = YES;
				CLANG_WARN__DUPLICATE_METHOD_MATCH = YES;
				COPY_PHASE_STRIP = NO;
				DEBUG_INFORMATION_FORMAT = "dwarf-with-dsym";
				ENABLE_NS_ASSERTIONS = NO;
				ENABLE_STRICT_OBJC_MSGSEND = YES;
				ENABLE_USER_SCRIPT_SANDBOXING = YES;
				GCC_C_LANGUAGE_STANDARD = gnu17;
				GCC_NO_COMMON_BLOCKS = YES;
				GCC_WARN_64_TO_32_BIT_CONVERSION = YES;
				GCC_WARN_ABOUT_RETURN_TYPE = YES_ERROR;
				GCC_WARN_UNDECLARED_SELECTOR = YES;
				GCC_WARN_UNINITIALIZED_AUTOS = YES_AGGRESSIVE;
				GCC_WARN_UNUSED_FUNCTION = YES;
				GCC_WARN_UNUSED_VARIABLE = YES;
				IPHONEOS_DEPLOYMENT_TARGET = 17.5;
				LOCALIZATION_PREFERS_STRING_CATALOGS = YES;
				MTL_ENABLE_DEBUG_INFO = NO;
				MTL_FAST_MATH = YES;
				SDKROOT = iphoneos;
				SWIFT_COMPILATION_MODE = wholemodule;
				VALIDATE_PRODUCT = YES;
			};
			name = Release;
		};
		97B3E1082C047A590057270D /* Debug */ = {
			isa = XCBuildConfiguration;
			buildSettings = {
				ASSETCATALOG_COMPILER_APPICON_NAME = AppIcon;
				ASSETCATALOG_COMPILER_GLOBAL_ACCENT_COLOR_NAME = AccentColor;
				CODE_SIGN_STYLE = Automatic;
				CURRENT_PROJECT_VERSION = 1;
				DEVELOPMENT_ASSET_PATHS = "\"MyHotel/Preview Content\"";
				DEVELOPMENT_TEAM = Q9R8RN364P;
				ENABLE_PREVIEWS = YES;
				GENERATE_INFOPLIST_FILE = YES;
				INFOPLIST_FILE = MyHotel/Info.plist;
				INFOPLIST_KEY_UIApplicationSceneManifest_Generation = YES;
				INFOPLIST_KEY_UIApplicationSupportsIndirectInputEvents = YES;
				INFOPLIST_KEY_UILaunchScreen_Generation = YES;
				INFOPLIST_KEY_UISupportedInterfaceOrientations_iPad = "UIInterfaceOrientationPortrait UIInterfaceOrientationPortraitUpsideDown UIInterfaceOrientationLandscapeLeft UIInterfaceOrientationLandscapeRight";
				INFOPLIST_KEY_UISupportedInterfaceOrientations_iPhone = "UIInterfaceOrientationPortrait UIInterfaceOrientationLandscapeLeft UIInterfaceOrientationLandscapeRight";
				IPHONEOS_DEPLOYMENT_TARGET = 17.0;
				LD_RUNPATH_SEARCH_PATHS = (
					"$(inherited)",
					"@executable_path/Frameworks",
				);
				MARKETING_VERSION = 1.0;
				PRODUCT_BUNDLE_IDENTIFIER = Matthew.MyHotel;
				PRODUCT_NAME = "$(TARGET_NAME)";
				SWIFT_EMIT_LOC_STRINGS = YES;
				SWIFT_VERSION = 5.0;
				TARGETED_DEVICE_FAMILY = "1,2";
			};
			name = Debug;
		};
		97B3E1092C047A590057270D /* Release */ = {
			isa = XCBuildConfiguration;
			buildSettings = {
				ASSETCATALOG_COMPILER_APPICON_NAME = AppIcon;
				ASSETCATALOG_COMPILER_GLOBAL_ACCENT_COLOR_NAME = AccentColor;
				CODE_SIGN_STYLE = Automatic;
				CURRENT_PROJECT_VERSION = 1;
				DEVELOPMENT_ASSET_PATHS = "\"MyHotel/Preview Content\"";
				DEVELOPMENT_TEAM = Q9R8RN364P;
				ENABLE_PREVIEWS = YES;
				GENERATE_INFOPLIST_FILE = YES;
				INFOPLIST_FILE = MyHotel/Info.plist;
				INFOPLIST_KEY_UIApplicationSceneManifest_Generation = YES;
				INFOPLIST_KEY_UIApplicationSupportsIndirectInputEvents = YES;
				INFOPLIST_KEY_UILaunchScreen_Generation = YES;
				INFOPLIST_KEY_UISupportedInterfaceOrientations_iPad = "UIInterfaceOrientationPortrait UIInterfaceOrientationPortraitUpsideDown UIInterfaceOrientationLandscapeLeft UIInterfaceOrientationLandscapeRight";
				INFOPLIST_KEY_UISupportedInterfaceOrientations_iPhone = "UIInterfaceOrientationPortrait UIInterfaceOrientationLandscapeLeft UIInterfaceOrientationLandscapeRight";
				IPHONEOS_DEPLOYMENT_TARGET = 17.0;
				LD_RUNPATH_SEARCH_PATHS = (
					"$(inherited)",
					"@executable_path/Frameworks",
				);
				MARKETING_VERSION = 1.0;
				PRODUCT_BUNDLE_IDENTIFIER = Matthew.MyHotel;
				PRODUCT_NAME = "$(TARGET_NAME)";
				SWIFT_EMIT_LOC_STRINGS = YES;
				SWIFT_VERSION = 5.0;
				TARGETED_DEVICE_FAMILY = "1,2";
			};
			name = Release;
		};
/* End XCBuildConfiguration section */

/* Begin XCConfigurationList section */
		97B3E0F42C047A560057270D /* Build configuration list for PBXProject "MyHotel" */ = {
			isa = XCConfigurationList;
			buildConfigurations = (
				97B3E1052C047A590057270D /* Debug */,
				97B3E1062C047A590057270D /* Release */,
			);
			defaultConfigurationIsVisible = 0;
			defaultConfigurationName = Release;
		};
		97B3E1072C047A590057270D /* Build configuration list for PBXNativeTarget "MyHotel" */ = {
			isa = XCConfigurationList;
			buildConfigurations = (
				97B3E1082C047A590057270D /* Debug */,
				97B3E1092C047A590057270D /* Release */,
			);
			defaultConfigurationIsVisible = 0;
			defaultConfigurationName = Release;
		};
/* End XCConfigurationList section */

/* Begin XCRemoteSwiftPackageReference section */
		9700A9A42C081CE900EDFEE6 /* XCRemoteSwiftPackageReference "firebase-ios-sdk" */ = {
			isa = XCRemoteSwiftPackageReference;
			repositoryURL = "https://github.com/firebase/firebase-ios-sdk";
			requirement = {
				kind = upToNextMajorVersion;
				minimumVersion = 10.27.0;
			};
		};
/* End XCRemoteSwiftPackageReference section */

/* Begin XCSwiftPackageProductDependency section */
		9700A9A52C081E5300EDFEE6 /* FirebaseAnalytics */ = {
			isa = XCSwiftPackageProductDependency;
			package = 9700A9A42C081CE900EDFEE6 /* XCRemoteSwiftPackageReference "firebase-ios-sdk" */;
			productName = FirebaseAnalytics;
		};
/* End XCSwiftPackageProductDependency section */
	};
	rootObject = 97B3E0F12C047A560057270D /* Project object */;
}
